
Microsoft Visual Studio Solution File, Format Version 12.00
# Visual Studio Version 16
VisualStudioVersion = 16.0.30907.101
MinimumVisualStudioVersion = 10.0.40219.1
Project("{9A19103F-16F7-4668-BE54-9A1E7A4F7556}") = "WallpaperMonitorService", "WallpaperMonitorService\WallpaperMonitorService.csproj", "{2061BBBE-BEB9-484A-87E5-C092E178D64E}"
EndProject
Project("{9A19103F-16F7-4668-BE54-9A1E7A4F7556}") = "Wallpaper", "Wallpaper\Wallpaper.csproj", "{D8563FE7-E64E-4B9E-AD86-51794E9CA13D}"
EndProject
Global
	GlobalSection(SolutionConfigurationPlatforms) = preSolution
		Debug|Any CPU = Debug|Any CPU
		Release|Any CPU = Release|Any CPU
	EndGlobalSection
	GlobalSection(ProjectConfigurationPlatforms) = postSolution
		{2061BBBE-BEB9-484A-87E5-C092E178D64E}.Debug|Any CPU.ActiveCfg = Debug|Any CPU
		{2061BBBE-BEB9-484A-87E5-C092E178D64E}.Debug|Any CPU.Build.0 = Debug|Any CPU
		{2061BBBE-BEB9-484A-87E5-C092E178D64E}.Release|Any CPU.ActiveCfg = Release|Any CPU
		{2061BBBE-BEB9-484A-87E5-C092E178D64E}.Release|Any CPU.Build.0 = Release|Any CPU
		{D8563FE7-E64E-4B9E-AD86-51794E9CA13D}.Debug|Any CPU.ActiveCfg = Debug|Any CPU
		{D8563FE7-E64E-4B9E-AD86-51794E9CA13D}.Debug|Any CPU.Build.0 = Debug|Any CPU
		{D8563FE7-E64E-4B9E-AD86-51794E9CA13D}.Release|Any CPU.ActiveCfg = Release|Any CPU
		{D8563FE7-E64E-4B9E-AD86-51794E9CA13D}.Release|Any CPU.Build.0 = Release|Any CPU
	EndGlobalSection
	GlobalSection(SolutionProperties) = preSolution
		HideSolutionNode = FALSE
	EndGlobalSection
	GlobalSection(ExtensibilityGlobals) = postSolution
		SolutionGuid = {3F8EB0D2-8686-46DC-8441-3EF25DE5EE79}
	EndGlobalSection
EndGlobal
